// !$*UTF8*$!
{
	archiveVersion = 1;
	classes = {
	};
	objectVersion = 56;
	objects = {

/* Begin PBXBuildFile section */
		77033A352C36D10500EC9F9A /* HappyBirthdayApp.swift in Sources */ = {isa = PBXBuildFile; fileRef = 77033A342C36D10500EC9F9A /* HappyBirthdayApp.swift */; };
		77033A392C36D10700EC9F9A /* Assets.xcassets in Resources */ = {isa = PBXBuildFile; fileRef = 77033A382C36D10700EC9F9A /* Assets.xcassets */; };
		77033A3C2C36D10700EC9F9A /* Preview Assets.xcassets in Resources */ = {isa = PBXBuildFile; fileRef = 77033A3B2C36D10700EC9F9A /* Preview Assets.xcassets */; };
		77033A4C2C36D18300EC9F9A /* ListScreen.swift in Sources */ = {isa = PBXBuildFile; fileRef = 77033A4B2C36D18300EC9F9A /* ListScreen.swift */; };
		77033A4F2C36D2B400EC9F9A /* Person.swift in Sources */ = {isa = PBXBuildFile; fileRef = 77033A4E2C36D2B400EC9F9A /* Person.swift */; };
		77033A512C36D2C400EC9F9A /* WebService.swift in Sources */ = {isa = PBXBuildFile; fileRef = 77033A502C36D2C400EC9F9A /* WebService.swift */; };
		77033A532C36D2CB00EC9F9A /* NetworkManager.swift in Sources */ = {isa = PBXBuildFile; fileRef = 77033A522C36D2CB00EC9F9A /* NetworkManager.swift */; };
		77033A552C36D2D200EC9F9A /* API_URLs.swift in Sources */ = {isa = PBXBuildFile; fileRef = 77033A542C36D2D200EC9F9A /* API_URLs.swift */; };
		77033A572C36D2F600EC9F9A /* ListViewModel.swift in Sources */ = {isa = PBXBuildFile; fileRef = 77033A562C36D2F600EC9F9A /* ListViewModel.swift */; };
		77033A592C36D48000EC9F9A /* ListCell.swift in Sources */ = {isa = PBXBuildFile; fileRef = 77033A582C36D48000EC9F9A /* ListCell.swift */; };
		77033A5B2C36D49E00EC9F9A /* AddPersonScreen.swift in Sources */ = {isa = PBXBuildFile; fileRef = 77033A5A2C36D49E00EC9F9A /* AddPersonScreen.swift */; };
/* End PBXBuildFile section */

/* Begin PBXFileReference section */
		77033A312C36D10500EC9F9A /* HappyBirthday.app */ = {isa = PBXFileReference; explicitFileType = wrapper.application; includeInIndex = 0; path = HappyBirthday.app; sourceTree = BUILT_PRODUCTS_DIR; };
		77033A342C36D10500EC9F9A /* HappyBirthdayApp.swift */ = {isa = PBXFileReference; lastKnownFileType = sourcecode.swift; path = HappyBirthdayApp.swift; sourceTree = "<group>"; };
		77033A382C36D10700EC9F9A /* Assets.xcassets */ = {isa = PBXFileReference; lastKnownFileType = folder.assetcatalog; path = Assets.xcassets; sourceTree = "<group>"; };
		77033A3B2C36D10700EC9F9A /* Preview Assets.xcassets */ = {isa = PBXFileReference; lastKnownFileType = folder.assetcatalog; path = "Preview Assets.xcassets"; sourceTree = "<group>"; };
		77033A4B2C36D18300EC9F9A /* ListScreen.swift */ = {isa = PBXFileReference; lastKnownFileType = sourcecode.swift; path = ListScreen.swift; sourceTree = "<group>"; };
		77033A4E2C36D2B400EC9F9A /* Person.swift */ = {isa = PBXFileReference; fileEncoding = 4; lastKnownFileType = sourcecode.swift; path = Person.swift; sourceTree = "<group>"; };
		77033A502C36D2C400EC9F9A /* WebService.swift */ = {isa = PBXFileReference; fileEncoding = 4; lastKnownFileType = sourcecode.swift; path = WebService.swift; sourceTree = "<group>"; };
		77033A522C36D2CB00EC9F9A /* NetworkManager.swift */ = {isa = PBXFileReference; fileEncoding = 4; lastKnownFileType = sourcecode.swift; path = NetworkManager.swift; sourceTree = "<group>"; };
		77033A542C36D2D200EC9F9A /* API_URLs.swift */ = {isa = PBXFileReference; fileEncoding = 4; lastKnownFileType = sourcecode.swift; path = API_URLs.swift; sourceTree = "<group>"; };
		77033A562C36D2F600EC9F9A /* ListViewModel.swift */ = {isa = PBXFileReference; lastKnownFileType = sourcecode.swift; path = ListViewModel.swift; sourceTree = "<group>"; };
		77033A582C36D48000EC9F9A /* ListCell.swift */ = {isa = PBXFileReference; lastKnownFileType = sourcecode.swift; path = ListCell.swift; sourceTree = "<group>"; };
		77033A5A2C36D49E00EC9F9A /* AddPersonScreen.swift */ = {isa = PBXFileReference; lastKnownFileType = sourcecode.swift; path = AddPersonScreen.swift; sourceTree = "<group>"; };
/* End PBXFileReference section */

/* Begin PBXFrameworksBuildPhase section */
		77033A2E2C36D10500EC9F9A /* Frameworks */ = {
			isa = PBXFrameworksBuildPhase;
			buildActionMask = 2147483647;
			files = (
			);
			runOnlyForDeploymentPostprocessing = 0;
		};
/* End PBXFrameworksBuildPhase section */

/* Begin PBXGroup section */
		77033A282C36D10500EC9F9A = {
			isa = PBXGroup;
			children = (
				77033A332C36D10500EC9F9A /* HappyBirthday */,
				77033A322C36D10500EC9F9A /* Products */,
			);
			sourceTree = "<group>";
		};
		77033A322C36D10500EC9F9A /* Products */ = {
			isa = PBXGroup;
			children = (
				77033A312C36D10500EC9F9A /* HappyBirthday.app */,
			);
			name = Products;
			sourceTree = "<group>";
		};
		77033A332C36D10500EC9F9A /* HappyBirthday */ = {
			isa = PBXGroup;
			children = (
				77033A482C36D16500EC9F9A /* App */,
				77033A472C36D15C00EC9F9A /* Extensions */,
				77033A4D2C36D29700EC9F9A /* Utilities */,
				77033A462C36D15700EC9F9A /* Managers */,
				77033A452C36D15200EC9F9A /* Services */,
				77033A442C36D14E00EC9F9A /* Models */,
				77033A432C36D14800EC9F9A /* ViewModels */,
				77033A422C36D14100EC9F9A /* Views */,
				77033A382C36D10700EC9F9A /* Assets.xcassets */,
				77033A3A2C36D10700EC9F9A /* Preview Content */,
			);
			path = HappyBirthday;
			sourceTree = "<group>";
		};
		77033A3A2C36D10700EC9F9A /* Preview Content */ = {
			isa = PBXGroup;
			children = (
				77033A3B2C36D10700EC9F9A /* Preview Assets.xcassets */,
			);
			path = "Preview Content";
			sourceTree = "<group>";
		};
		77033A422C36D14100EC9F9A /* Views */ = {
			isa = PBXGroup;
			children = (
				77033A492C36D16C00EC9F9A /* Screens */,
				77033A4A2C36D17100EC9F9A /* CustomViews */,
			);
			path = Views;
			sourceTree = "<group>";
		};
		77033A432C36D14800EC9F9A /* ViewModels */ = {
			isa = PBXGroup;
			children = (
				77033A562C36D2F600EC9F9A /* ListViewModel.swift */,
			);
			path = ViewModels;
			sourceTree = "<group>";
		};
		77033A442C36D14E00EC9F9A /* Models */ = {
			isa = PBXGroup;
			children = (
				77033A4E2C36D2B400EC9F9A /* Person.swift */,
			);
			path = Models;
			sourceTree = "<group>";
		};
		77033A452C36D15200EC9F9A /* Services */ = {
			isa = PBXGroup;
			children = (
				77033A502C36D2C400EC9F9A /* WebService.swift */,
			);
			path = Services;
			sourceTree = "<group>";
		};
		77033A462C36D15700EC9F9A /* Managers */ = {
			isa = PBXGroup;
			children = (
				77033A522C36D2CB00EC9F9A /* NetworkManager.swift */,
			);
			path = Managers;
			sourceTree = "<group>";
		};
		77033A472C36D15C00EC9F9A /* Extensions */ = {
			isa = PBXGroup;
			children = (
			);
			path = Extensions;
			sourceTree = "<group>";
		};
		77033A482C36D16500EC9F9A /* App */ = {
			isa = PBXGroup;
			children = (
				77033A342C36D10500EC9F9A /* HappyBirthdayApp.swift */,
			);
			path = App;
			sourceTree = "<group>";
		};
		77033A492C36D16C00EC9F9A /* Screens */ = {
			isa = PBXGroup;
			children = (
				77033A4B2C36D18300EC9F9A /* ListScreen.swift */,
				77033A5A2C36D49E00EC9F9A /* AddPersonScreen.swift */,
			);
			path = Screens;
			sourceTree = "<group>";
		};
		77033A4A2C36D17100EC9F9A /* CustomViews */ = {
			isa = PBXGroup;
			children = (
				77033A582C36D48000EC9F9A /* ListCell.swift */,
			);
			path = CustomViews;
			sourceTree = "<group>";
		};
		77033A4D2C36D29700EC9F9A /* Utilities */ = {
			isa = PBXGroup;
			children = (
				77033A542C36D2D200EC9F9A /* API_URLs.swift */,
			);
			path = Utilities;
			sourceTree = "<group>";
		};
/* End PBXGroup section */

/* Begin PBXNativeTarget section */
		77033A302C36D10500EC9F9A /* HappyBirthday */ = {
			isa = PBXNativeTarget;
			buildConfigurationList = 77033A3F2C36D10700EC9F9A /* Build configuration list for PBXNativeTarget "HappyBirthday" */;
			buildPhases = (
				77033A2D2C36D10500EC9F9A /* Sources */,
				77033A2E2C36D10500EC9F9A /* Frameworks */,
				77033A2F2C36D10500EC9F9A /* Resources */,
			);
			buildRules = (
			);
			dependencies = (
			);
			name = HappyBirthday;
			productName = HappyBirthday;
			productReference = 77033A312C36D10500EC9F9A /* HappyBirthday.app */;
			productType = "com.apple.product-type.application";
		};
/* End PBXNativeTarget section */

/* Begin PBXProject section */
		77033A292C36D10500EC9F9A /* Project object */ = {
			isa = PBXProject;
			attributes = {
				BuildIndependentTargetsInParallel = 1;
				LastSwiftUpdateCheck = 1540;
				LastUpgradeCheck = 1540;
				TargetAttributes = {
					77033A302C36D10500EC9F9A = {
						CreatedOnToolsVersion = 15.4;
					};
				};
			};
			buildConfigurationList = 77033A2C2C36D10500EC9F9A /* Build configuration list for PBXProject "HappyBirthday" */;
			compatibilityVersion = "Xcode 14.0";
			developmentRegion = en;
			hasScannedForEncodings = 0;
			knownRegions = (
				en,
				Base,
			);
			mainGroup = 77033A282C36D10500EC9F9A;
			productRefGroup = 77033A322C36D10500EC9F9A /* Products */;
			projectDirPath = "";
			projectRoot = "";
			targets = (
				77033A302C36D10500EC9F9A /* HappyBirthday */,
			);
		};
/* End PBXProject section */

/* Begin PBXResourcesBuildPhase section */
		77033A2F2C36D10500EC9F9A /* Resources */ = {
			isa = PBXResourcesBuildPhase;
			buildActionMask = 2147483647;
			files = (
				77033A3C2C36D10700EC9F9A /* Preview Assets.xcassets in Resources */,
				77033A392C36D10700EC9F9A /* Assets.xcassets in Resources */,
			);
			runOnlyForDeploymentPostprocessing = 0;
		};
/* End PBXResourcesBuildPhase section */

/* Begin PBXSourcesBuildPhase section */
		77033A2D2C36D10500EC9F9A /* Sources */ = {
			isa = PBXSourcesBuildPhase;
			buildActionMask = 2147483647;
			files = (
				77033A5B2C36D49E00EC9F9A /* AddPersonScreen.swift in Sources */,
				77033A552C36D2D200EC9F9A /* API_URLs.swift in Sources */,
				77033A4F2C36D2B400EC9F9A /* Person.swift in Sources */,
				77033A572C36D2F600EC9F9A /* ListViewModel.swift in Sources */,
				77033A352C36D10500EC9F9A /* HappyBirthdayApp.swift in Sources */,
				77033A532C36D2CB00EC9F9A /* NetworkManager.swift in Sources */,
				77033A592C36D48000EC9F9A /* ListCell.swift in Sources */,
				77033A512C36D2C400EC9F9A /* WebService.swift in Sources */,
				77033A4C2C36D18300EC9F9A /* ListScreen.swift in Sources */,
			);
			runOnlyForDeploymentPostprocessing = 0;
		};
/* End PBXSourcesBuildPhase section */

/* Begin XCBuildConfiguration section */
		77033A3D2C36D10700EC9F9A /* Debug */ = {
			isa = XCBuildConfiguration;
			buildSettings = {
				ALWAYS_SEARCH_USER_PATHS = NO;
				ASSETCATALOG_COMPILER_GENERATE_SWIFT_ASSET_SYMBOL_EXTENSIONS = YES;
				CLANG_ANALYZER_NONNULL = YES;
				CLANG_ANALYZER_NUMBER_OBJECT_CONVERSION = YES_AGGRESSIVE;
				CLANG_CXX_LANGUAGE_STANDARD = "gnu++20";
				CLANG_ENABLE_MODULES = YES;
				CLANG_ENABLE_OBJC_ARC = YES;
				CLANG_ENABLE_OBJC_WEAK = YES;
				CLANG_WARN_BLOCK_CAPTURE_AUTORELEASING = YES;
				CLANG_WARN_BOOL_CONVERSION = YES;
				CLANG_WARN_COMMA = YES;
				CLANG_WARN_CONSTANT_CONVERSION = YES;
				CLANG_WARN_DEPRECATED_OBJC_IMPLEMENTATIONS = YES;
				CLANG_WARN_DIRECT_OBJC_ISA_USAGE = YES_ERROR;
				CLANG_WARN_DOCUMENTATION_COMMENTS = YES;
				CLANG_WARN_EMPTY_BODY = YES;
				CLANG_WARN_ENUM_CONVERSION = YES;
				CLANG_WARN_INFINITE_RECURSION = YES;
				CLANG_WARN_INT_CONVERSION = YES;
				CLANG_WARN_NON_LITERAL_NULL_CONVERSION = YES;
				CLANG_WARN_OBJC_IMPLICIT_RETAIN_SELF = YES;
				CLANG_WARN_OBJC_LITERAL_CONVERSION = YES;
				CLANG_WARN_OBJC_ROOT_CLASS = YES_ERROR;
				CLANG_WARN_QUOTED_INCLUDE_IN_FRAMEWORK_HEADER = YES;
				CLANG_WARN_RANGE_LOOP_ANALYSIS = YES;
				CLANG_WARN_STRICT_PROTOTYPES = YES;
				CLANG_WARN_SUSPICIOUS_MOVE = YES;
				CLANG_WARN_UNGUARDED_AVAILABILITY = YES_AGGRESSIVE;
				CLANG_WARN_UNREACHABLE_CODE = YES;
				CLANG_WARN__DUPLICATE_METHOD_MATCH = YES;
				COPY_PHASE_STRIP = NO;
				DEBUG_INFORMATION_FORMAT = dwarf;
				ENABLE_STRICT_OBJC_MSGSEND = YES;
				ENABLE_TESTABILITY = YES;
				ENABLE_USER_SCRIPT_SANDBOXING = YES;
				GCC_C_LANGUAGE_STANDARD = gnu17;
				GCC_DYNAMIC_NO_PIC = NO;
				GCC_NO_COMMON_BLOCKS = YES;
				GCC_OPTIMIZATION_LEVEL = 0;
				GCC_PREPROCESSOR_DEFINITIONS = (
					"DEBUG=1",
					"$(inherited)",
				);
				GCC_WARN_64_TO_32_BIT_CONVERSION = YES;
				GCC_WARN_ABOUT_RETURN_TYPE = YES_ERROR;
				GCC_WARN_UNDECLARED_SELECTOR = YES;
				GCC_WARN_UNINITIALIZED_AUTOS = YES_AGGRESSIVE;
				GCC_WARN_UNUSED_FUNCTION = YES;
				GCC_WARN_UNUSED_VARIABLE = YES;
				IPHONEOS_DEPLOYMENT_TARGET = 17.5;
				LOCALIZATION_PREFERS_STRING_CATALOGS = YES;
				MTL_ENABLE_DEBUG_INFO = INCLUDE_SOURCE;
				MTL_FAST_MATH = YES;
				ONLY_ACTIVE_ARCH = YES;
				SDKROOT = iphoneos;
				SWIFT_ACTIVE_COMPILATION_CONDITIONS = "DEBUG $(inherited)";
				SWIFT_OPTIMIZATION_LEVEL = "-Onone";
			};
			name = Debug;
		};
		77033A3E2C36D10700EC9F9A /* Release */ = {
			isa = XCBuildConfiguration;
			buildSettings = {
				ALWAYS_SEARCH_USER_PATHS = NO;
				ASSETCATALOG_COMPILER_GENERATE_SWIFT_ASSET_SYMBOL_EXTENSIONS = YES;
				CLANG_ANALYZER_NONNULL = YES;
				CLANG_ANALYZER_NUMBER_OBJECT_CONVERSION = YES_AGGRESSIVE;
				CLANG_CXX_LANGUAGE_STANDARD = "gnu++20";
				CLANG_ENABLE_MODULES = YES;
				CLANG_ENABLE_OBJC_ARC = YES;
				CLANG_ENABLE_OBJC_WEAK = YES;
				CLANG_WARN_BLOCK_CAPTURE_AUTORELEASING = YES;
				CLANG_WARN_BOOL_CONVERSION = YES;
				CLANG_WARN_COMMA = YES;
				CLANG_WARN_CONSTANT_CONVERSION = YES;
				CLANG_WARN_DEPRECATED_OBJC_IMPLEMENTATIONS = YES;
				CLANG_WARN_DIRECT_OBJC_ISA_USAGE = YES_ERROR;
				CLANG_WARN_DOCUMENTATION_COMMENTS = YES;
				CLANG_WARN_EMPTY_BODY = YES;
				CLANG_WARN_ENUM_CONVERSION = YES;
				CLANG_WARN_INFINITE_RECURSION = YES;
				CLANG_WARN_INT_CONVERSION = YES;
				CLANG_WARN_NON_LITERAL_NULL_CONVERSION = YES;
				CLANG_WARN_OBJC_IMPLICIT_RETAIN_SELF = YES;
				CLANG_WARN_OBJC_LITERAL_CONVERSION = YES;
				CLANG_WARN_OBJC_ROOT_CLASS = YES_ERROR;
				CLANG_WARN_QUOTED_INCLUDE_IN_FRAMEWORK_HEADER = YES;
				CLANG_WARN_RANGE_LOOP_ANALYSIS = YES;
				CLANG_WARN_STRICT_PROTOTYPES = YES;
				CLANG_WARN_SUSPICIOUS_MOVE = YES;
				CLANG_WARN_UNGUARDED_AVAILABILITY = YES_AGGRESSIVE;
				CLANG_WARN_UNREACHABLE_CODE = YES;
				CLANG_WARN__DUPLICATE_METHOD_MATCH = YES;
				COPY_PHASE_STRIP = NO;
				DEBUG_INFORMATION_FORMAT = "dwarf-with-dsym";
				ENABLE_NS_ASSERTIONS = NO;
				ENABLE_STRICT_OBJC_MSGSEND = YES;
				ENABLE_USER_SCRIPT_SANDBOXING = YES;
				GCC_C_LANGUAGE_STANDARD = gnu17;
				GCC_NO_COMMON_BLOCKS = YES;
				GCC_WARN_64_TO_32_BIT_CONVERSION = YES;
				GCC_WARN_ABOUT_RETURN_TYPE = YES_ERROR;
				GCC_WARN_UNDECLARED_SELECTOR = YES;
				GCC_WARN_UNINITIALIZED_AUTOS = YES_AGGRESSIVE;
				GCC_WARN_UNUSED_FUNCTION = YES;
				GCC_WARN_UNUSED_VARIABLE = YES;
				IPHONEOS_DEPLOYMENT_TARGET = 17.5;
				LOCALIZATION_PREFERS_STRING_CATALOGS = YES;
				MTL_ENABLE_DEBUG_INFO = NO;
				MTL_FAST_MATH = YES;
				SDKROOT = iphoneos;
				SWIFT_COMPILATION_MODE = wholemodule;
				VALIDATE_PRODUCT = YES;
			};
			name = Release;
		};
		77033A402C36D10700EC9F9A /* Debug */ = {
			isa = XCBuildConfiguration;
			buildSettings = {
				ASSETCATALOG_COMPILER_APPICON_NAME = AppIcon;
				ASSETCATALOG_COMPILER_GLOBAL_ACCENT_COLOR_NAME = AccentColor;
				CODE_SIGN_STYLE = Automatic;
				CURRENT_PROJECT_VERSION = 1;
				DEVELOPMENT_ASSET_PATHS = "\"HappyBirthday/Preview Content\"";
				DEVELOPMENT_TEAM = 76ZJ9H6F4F;
				ENABLE_PREVIEWS = YES;
				GENERATE_INFOPLIST_FILE = YES;
				INFOPLIST_KEY_UIApplicationSceneManifest_Generation = YES;
				INFOPLIST_KEY_UIApplicationSupportsIndirectInputEvents = YES;
				INFOPLIST_KEY_UILaunchScreen_Generation = YES;
				INFOPLIST_KEY_UISupportedInterfaceOrientations_iPad = "UIInterfaceOrientationPortrait UIInterfaceOrientationPortraitUpsideDown UIInterfaceOrientationLandscapeLeft UIInterfaceOrientationLandscapeRight";
				INFOPLIST_KEY_UISupportedInterfaceOrientations_iPhone = "UIInterfaceOrientationPortrait UIInterfaceOrientationLandscapeLeft UIInterfaceOrientationLandscapeRight";
				LD_RUNPATH_SEARCH_PATHS = (
					"$(inherited)",
					"@executable_path/Frameworks",
				);
				MARKETING_VERSION = 1.0;
				PRODUCT_BUNDLE_IDENTIFIER = com.ozguncanbeydili.HappyBirthday;
				PRODUCT_NAME = "$(TARGET_NAME)";
				SWIFT_EMIT_LOC_STRINGS = YES;
				SWIFT_VERSION = 5.0;
				TARGETED_DEVICE_FAMILY = "1,2";
			};
			name = Debug;
		};
		77033A412C36D10700EC9F9A /* Release */ = {
			isa = XCBuildConfiguration;
			buildSettings = {
				ASSETCATALOG_COMPILER_APPICON_NAME = AppIcon;
				ASSETCATALOG_COMPILER_GLOBAL_ACCENT_COLOR_NAME = AccentColor;
				CODE_SIGN_STYLE = Automatic;
				CURRENT_PROJECT_VERSION = 1;
				DEVELOPMENT_ASSET_PATHS = "\"HappyBirthday/Preview Content\"";
				DEVELOPMENT_TEAM = 76ZJ9H6F4F;
				ENABLE_PREVIEWS = YES;
				GENERATE_INFOPLIST_FILE = YES;
				INFOPLIST_KEY_UIApplicationSceneManifest_Generation = YES;
				INFOPLIST_KEY_UIApplicationSupportsIndirectInputEvents = YES;
				INFOPLIST_KEY_UILaunchScreen_Generation = YES;
				INFOPLIST_KEY_UISupportedInterfaceOrientations_iPad = "UIInterfaceOrientationPortrait UIInterfaceOrientationPortraitUpsideDown UIInterfaceOrientationLandscapeLeft UIInterfaceOrientationLandscapeRight";
				INFOPLIST_KEY_UISupportedInterfaceOrientations_iPhone = "UIInterfaceOrientationPortrait UIInterfaceOrientationLandscapeLeft UIInterfaceOrientationLandscapeRight";
				LD_RUNPATH_SEARCH_PATHS = (
					"$(inherited)",
					"@executable_path/Frameworks",
				);
				MARKETING_VERSION = 1.0;
				PRODUCT_BUNDLE_IDENTIFIER = com.ozguncanbeydili.HappyBirthday;
				PRODUCT_NAME = "$(TARGET_NAME)";
				SWIFT_EMIT_LOC_STRINGS = YES;
				SWIFT_VERSION = 5.0;
				TARGETED_DEVICE_FAMILY = "1,2";
			};
			name = Release;
		};
/* End XCBuildConfiguration section */

/* Begin XCConfigurationList section */
		77033A2C2C36D10500EC9F9A /* Build configuration list for PBXProject "HappyBirthday" */ = {
			isa = XCConfigurationList;
			buildConfigurations = (
				77033A3D2C36D10700EC9F9A /* Debug */,
				77033A3E2C36D10700EC9F9A /* Release */,
			);
			defaultConfigurationIsVisible = 0;
			defaultConfigurationName = Release;
		};
		77033A3F2C36D10700EC9F9A /* Build configuration list for PBXNativeTarget "HappyBirthday" */ = {
			isa = XCConfigurationList;
			buildConfigurations = (
				77033A402C36D10700EC9F9A /* Debug */,
				77033A412C36D10700EC9F9A /* Release */,
			);
			defaultConfigurationIsVisible = 0;
			defaultConfigurationName = Release;
		};
/* End XCConfigurationList section */
	};
	rootObject = 77033A292C36D10500EC9F9A /* Project object */;
}
